
Microsoft Visual Studio Solution File, Format Version 12.00
# Visual Studio Version 17
VisualStudioVersion = 17.1.32319.34
MinimumVisualStudioVersion = 10.0.40219.1
Project("{2150E333-8FDC-42A3-9474-1A3956D46DE8}") = "src", "src", "{8C4D2E40-E400-469E-A294-BDDF63B5D6C7}"
EndProject
Project("{2150E333-8FDC-42A3-9474-1A3956D46DE8}") = "BuildingBlocks", "BuildingBlocks", "{AE90AD22-4F1C-4EA1-BEDE-3B8550439C37}"
EndProject
Project("{2150E333-8FDC-42A3-9474-1A3956D46DE8}") = "Services", "Services", "{A57EA417-FDF9-4BD4-82D5-2866EA93A040}"
EndProject
Project("{2150E333-8FDC-42A3-9474-1A3956D46DE8}") = "Catalog", "Catalog", "{2806768F-E744-4BD8-A320-C5BA776B1B38}"
EndProject
Project("{9A19103F-16F7-4668-BE54-9A1E7A4F7556}") = "RC.Catalog.API", "src\services\RC.Catalog.API\RC.Catalog.API.csproj", "{F70BFA05-A0FD-4553-8031-E782E482654E}"
EndProject
Project("{9A19103F-16F7-4668-BE54-9A1E7A4F7556}") = "RC.Core", "src\building-blocks\RC.Core\RC.Core.csproj", "{A1B97A37-B8F6-40DC-BB75-EC1167F11600}"
EndProject
Project("{9A19103F-16F7-4668-BE54-9A1E7A4F7556}") = "RC.WebAPI.Core", "src\building-blocks\RC.WebAPI.Core\RC.WebAPI.Core.csproj", "{B1E665F9-6556-40B2-A570-08E451160DC0}"
EndProject
Project("{2150E333-8FDC-42A3-9474-1A3956D46DE8}") = "Customer", "Customer", "{7E59DE4C-8CAC-41E1-A60B-1D4BCC4432AB}"
EndProject
Project("{9A19103F-16F7-4668-BE54-9A1E7A4F7556}") = "RC.Customer.API", "src\services\RC.Customer.API\RC.Customer.API.csproj", "{44C21E47-4405-4ABE-AD45-C89A057F99D4}"
EndProject
Project("{9A19103F-16F7-4668-BE54-9A1E7A4F7556}") = "RC.MessageBus", "src\building-blocks\RC.MessageBus\RC.MessageBus.csproj", "{F59FB3D2-CA67-42D7-8F34-48B4AE92D139}"
EndProject
Project("{2150E333-8FDC-42A3-9474-1A3956D46DE8}") = "Identity", "Identity", "{CA3809CD-8281-4F53-81F1-719CDCD78CB1}"
EndProject
Project("{9A19103F-16F7-4668-BE54-9A1E7A4F7556}") = "RC.Identity.API", "src\services\RC.Identity.API\RC.Identity.API.csproj", "{B36B9A5C-56A8-449F-B859-37D862107B09}"
EndProject
Project("{2150E333-8FDC-42A3-9474-1A3956D46DE8}") = "CreditCardDemo", "CreditCardDemo", "{E804A0FD-7BFE-44C5-B266-29494F1A79E1}"
EndProject
Project("{9A19103F-16F7-4668-BE54-9A1E7A4F7556}") = "RC.CreditCard.Console", "src\services\RC.CreditCard.Console\RC.CreditCard.Console.csproj", "{B025F923-B092-4116-BE31-AE382A78BE59}"
EndProject
Project("{2150E333-8FDC-42A3-9474-1A3956D46DE8}") = "gRPC-Demo", "gRPC-Demo", "{1A447C71-C783-424C-8816-907CD125410D}"
EndProject
Project("{9A19103F-16F7-4668-BE54-9A1E7A4F7556}") = "RC.gRPC.Server.API", "src\services\gRPC-Demo\RC.gRPC.Server.API\RC.gRPC.Server.API.csproj", "{0D56D867-0279-44BB-88DF-A523C567D71E}"
EndProject
Project("{9A19103F-16F7-4668-BE54-9A1E7A4F7556}") = "RC.gRPC.Client.API", "src\services\gRPC-Demo\RC.gRPC.Client.API\RC.gRPC.Client.API.csproj", "{7B20F22B-5775-495A-A045-AF7EAD2376EA}"
EndProject
Project("{9A19103F-16F7-4668-BE54-9A1E7A4F7556}") = "ProductStock", "ProductStock\ProductStock.csproj", "{6BDBE9BB-1749-4F55-A9B6-57BAD3640963}"
EndProject
Project("{2150E333-8FDC-42A3-9474-1A3956D46DE8}") = "ProductStockBase", "ProductStockBase", "{BA0321AB-0FA7-4536-A0C0-8B075B73877B}"
EndProject
Global
	GlobalSection(SolutionConfigurationPlatforms) = preSolution
		Debug|Any CPU = Debug|Any CPU
		Release|Any CPU = Release|Any CPU
	EndGlobalSection
	GlobalSection(ProjectConfigurationPlatforms) = postSolution
		{F70BFA05-A0FD-4553-8031-E782E482654E}.Debug|Any CPU.ActiveCfg = Debug|Any CPU
		{F70BFA05-A0FD-4553-8031-E782E482654E}.Debug|Any CPU.Build.0 = Debug|Any CPU
		{F70BFA05-A0FD-4553-8031-E782E482654E}.Release|Any CPU.ActiveCfg = Release|Any CPU
		{F70BFA05-A0FD-4553-8031-E782E482654E}.Release|Any CPU.Build.0 = Release|Any CPU
		{A1B97A37-B8F6-40DC-BB75-EC1167F11600}.Debug|Any CPU.ActiveCfg = Debug|Any CPU
		{A1B97A37-B8F6-40DC-BB75-EC1167F11600}.Debug|Any CPU.Build.0 = Debug|Any CPU
		{A1B97A37-B8F6-40DC-BB75-EC1167F11600}.Release|Any CPU.ActiveCfg = Release|Any CPU
		{A1B97A37-B8F6-40DC-BB75-EC1167F11600}.Release|Any CPU.Build.0 = Release|Any CPU
		{B1E665F9-6556-40B2-A570-08E451160DC0}.Debug|Any CPU.ActiveCfg = Debug|Any CPU
		{B1E665F9-6556-40B2-A570-08E451160DC0}.Debug|Any CPU.Build.0 = Debug|Any CPU
		{B1E665F9-6556-40B2-A570-08E451160DC0}.Release|Any CPU.ActiveCfg = Release|Any CPU
		{B1E665F9-6556-40B2-A570-08E451160DC0}.Release|Any CPU.Build.0 = Release|Any CPU
		{44C21E47-4405-4ABE-AD45-C89A057F99D4}.Debug|Any CPU.ActiveCfg = Debug|Any CPU
		{44C21E47-4405-4ABE-AD45-C89A057F99D4}.Debug|Any CPU.Build.0 = Debug|Any CPU
		{44C21E47-4405-4ABE-AD45-C89A057F99D4}.Release|Any CPU.ActiveCfg = Release|Any CPU
		{44C21E47-4405-4ABE-AD45-C89A057F99D4}.Release|Any CPU.Build.0 = Release|Any CPU
		{F59FB3D2-CA67-42D7-8F34-48B4AE92D139}.Debug|Any CPU.ActiveCfg = Debug|Any CPU
		{F59FB3D2-CA67-42D7-8F34-48B4AE92D139}.Debug|Any CPU.Build.0 = Debug|Any CPU
		{F59FB3D2-CA67-42D7-8F34-48B4AE92D139}.Release|Any CPU.ActiveCfg = Release|Any CPU
		{F59FB3D2-CA67-42D7-8F34-48B4AE92D139}.Release|Any CPU.Build.0 = Release|Any CPU
		{B36B9A5C-56A8-449F-B859-37D862107B09}.Debug|Any CPU.ActiveCfg = Debug|Any CPU
		{B36B9A5C-56A8-449F-B859-37D862107B09}.Debug|Any CPU.Build.0 = Debug|Any CPU
		{B36B9A5C-56A8-449F-B859-37D862107B09}.Release|Any CPU.ActiveCfg = Release|Any CPU
		{B36B9A5C-56A8-449F-B859-37D862107B09}.Release|Any CPU.Build.0 = Release|Any CPU
		{B025F923-B092-4116-BE31-AE382A78BE59}.Debug|Any CPU.ActiveCfg = Debug|Any CPU
		{B025F923-B092-4116-BE31-AE382A78BE59}.Debug|Any CPU.Build.0 = Debug|Any CPU
		{B025F923-B092-4116-BE31-AE382A78BE59}.Release|Any CPU.ActiveCfg = Release|Any CPU
		{B025F923-B092-4116-BE31-AE382A78BE59}.Release|Any CPU.Build.0 = Release|Any CPU
		{0D56D867-0279-44BB-88DF-A523C567D71E}.Debug|Any CPU.ActiveCfg = Debug|Any CPU
		{0D56D867-0279-44BB-88DF-A523C567D71E}.Debug|Any CPU.Build.0 = Debug|Any CPU
		{0D56D867-0279-44BB-88DF-A523C567D71E}.Release|Any CPU.ActiveCfg = Release|Any CPU
		{0D56D867-0279-44BB-88DF-A523C567D71E}.Release|Any CPU.Build.0 = Release|Any CPU
		{7B20F22B-5775-495A-A045-AF7EAD2376EA}.Debug|Any CPU.ActiveCfg = Debug|Any CPU
		{7B20F22B-5775-495A-A045-AF7EAD2376EA}.Debug|Any CPU.Build.0 = Debug|Any CPU
		{7B20F22B-5775-495A-A045-AF7EAD2376EA}.Release|Any CPU.ActiveCfg = Release|Any CPU
		{7B20F22B-5775-495A-A045-AF7EAD2376EA}.Release|Any CPU.Build.0 = Release|Any CPU
		{6BDBE9BB-1749-4F55-A9B6-57BAD3640963}.Debug|Any CPU.ActiveCfg = Debug|Any CPU
		{6BDBE9BB-1749-4F55-A9B6-57BAD3640963}.Debug|Any CPU.Build.0 = Debug|Any CPU
		{6BDBE9BB-1749-4F55-A9B6-57BAD3640963}.Release|Any CPU.ActiveCfg = Release|Any CPU
		{6BDBE9BB-1749-4F55-A9B6-57BAD3640963}.Release|Any CPU.Build.0 = Release|Any CPU
	EndGlobalSection
	GlobalSection(SolutionProperties) = preSolution
		HideSolutionNode = FALSE
	EndGlobalSection
	GlobalSection(NestedProjects) = preSolution
		{AE90AD22-4F1C-4EA1-BEDE-3B8550439C37} = {8C4D2E40-E400-469E-A294-BDDF63B5D6C7}
		{A57EA417-FDF9-4BD4-82D5-2866EA93A040} = {8C4D2E40-E400-469E-A294-BDDF63B5D6C7}
		{2806768F-E744-4BD8-A320-C5BA776B1B38} = {A57EA417-FDF9-4BD4-82D5-2866EA93A040}
		{F70BFA05-A0FD-4553-8031-E782E482654E} = {2806768F-E744-4BD8-A320-C5BA776B1B38}
		{A1B97A37-B8F6-40DC-BB75-EC1167F11600} = {AE90AD22-4F1C-4EA1-BEDE-3B8550439C37}
		{B1E665F9-6556-40B2-A570-08E451160DC0} = {AE90AD22-4F1C-4EA1-BEDE-3B8550439C37}
		{7E59DE4C-8CAC-41E1-A60B-1D4BCC4432AB} = {A57EA417-FDF9-4BD4-82D5-2866EA93A040}
		{44C21E47-4405-4ABE-AD45-C89A057F99D4} = {7E59DE4C-8CAC-41E1-A60B-1D4BCC4432AB}
		{F59FB3D2-CA67-42D7-8F34-48B4AE92D139} = {AE90AD22-4F1C-4EA1-BEDE-3B8550439C37}
		{CA3809CD-8281-4F53-81F1-719CDCD78CB1} = {A57EA417-FDF9-4BD4-82D5-2866EA93A040}
		{B36B9A5C-56A8-449F-B859-37D862107B09} = {CA3809CD-8281-4F53-81F1-719CDCD78CB1}
		{E804A0FD-7BFE-44C5-B266-29494F1A79E1} = {A57EA417-FDF9-4BD4-82D5-2866EA93A040}
		{B025F923-B092-4116-BE31-AE382A78BE59} = {E804A0FD-7BFE-44C5-B266-29494F1A79E1}
		{1A447C71-C783-424C-8816-907CD125410D} = {A57EA417-FDF9-4BD4-82D5-2866EA93A040}
		{0D56D867-0279-44BB-88DF-A523C567D71E} = {1A447C71-C783-424C-8816-907CD125410D}
		{7B20F22B-5775-495A-A045-AF7EAD2376EA} = {1A447C71-C783-424C-8816-907CD125410D}
		{6BDBE9BB-1749-4F55-A9B6-57BAD3640963} = {BA0321AB-0FA7-4536-A0C0-8B075B73877B}
		{BA0321AB-0FA7-4536-A0C0-8B075B73877B} = {A57EA417-FDF9-4BD4-82D5-2866EA93A040}
	EndGlobalSection
	GlobalSection(ExtensibilityGlobals) = postSolution
		SolutionGuid = {67D0F7FF-9E3E-4888-99FB-BEC2481353FE}
	EndGlobalSection
EndGlobal
