
Microsoft Visual Studio Solution File, Format Version 12.00
# Visual Studio Version 17
VisualStudioVersion = 17.1.32319.34
MinimumVisualStudioVersion = 10.0.40219.1
Project("{2150E333-8FDC-42A3-9474-1A3956D46DE8}") = "src", "src", "{8C4D2E40-E400-469E-A294-BDDF63B5D6C7}"
EndProject
Project("{2150E333-8FDC-42A3-9474-1A3956D46DE8}") = "BuildingBlocks", "BuildingBlocks", "{AE90AD22-4F1C-4EA1-BEDE-3B8550439C37}"
EndProject
Project("{2150E333-8FDC-42A3-9474-1A3956D46DE8}") = "Services", "Services", "{A57EA417-FDF9-4BD4-82D5-2866EA93A040}"
EndProject
Project("{2150E333-8FDC-42A3-9474-1A3956D46DE8}") = "Catalog", "Catalog", "{2806768F-E744-4BD8-A320-C5BA776B1B38}"
EndProject
Project("{9A19103F-16F7-4668-BE54-9A1E7A4F7556}") = "RC.Catalog.API", "src\services\RC.Catalog.API\RC.Catalog.API.csproj", "{F70BFA05-A0FD-4553-8031-E782E482654E}"
EndProject
Project("{FAE04EC0-301F-11D3-BF4B-00C04F79EFBC}") = "RC.Core", "RC.Core\RC.Core.csproj", "{2482CF53-E9DE-4E15-9CB6-C5BD10DEC124}"
EndProject
Global
	GlobalSection(SolutionConfigurationPlatforms) = preSolution
		Debug|Any CPU = Debug|Any CPU
		Release|Any CPU = Release|Any CPU
	EndGlobalSection
	GlobalSection(ProjectConfigurationPlatforms) = postSolution
		{F70BFA05-A0FD-4553-8031-E782E482654E}.Debug|Any CPU.ActiveCfg = Debug|Any CPU
		{F70BFA05-A0FD-4553-8031-E782E482654E}.Debug|Any CPU.Build.0 = Debug|Any CPU
		{F70BFA05-A0FD-4553-8031-E782E482654E}.Release|Any CPU.ActiveCfg = Release|Any CPU
		{F70BFA05-A0FD-4553-8031-E782E482654E}.Release|Any CPU.Build.0 = Release|Any CPU
		{2482CF53-E9DE-4E15-9CB6-C5BD10DEC124}.Debug|Any CPU.ActiveCfg = Debug|Any CPU
		{2482CF53-E9DE-4E15-9CB6-C5BD10DEC124}.Debug|Any CPU.Build.0 = Debug|Any CPU
		{2482CF53-E9DE-4E15-9CB6-C5BD10DEC124}.Release|Any CPU.ActiveCfg = Release|Any CPU
		{2482CF53-E9DE-4E15-9CB6-C5BD10DEC124}.Release|Any CPU.Build.0 = Release|Any CPU
	EndGlobalSection
	GlobalSection(SolutionProperties) = preSolution
		HideSolutionNode = FALSE
	EndGlobalSection
	GlobalSection(NestedProjects) = preSolution
		{AE90AD22-4F1C-4EA1-BEDE-3B8550439C37} = {8C4D2E40-E400-469E-A294-BDDF63B5D6C7}
		{A57EA417-FDF9-4BD4-82D5-2866EA93A040} = {8C4D2E40-E400-469E-A294-BDDF63B5D6C7}
		{2806768F-E744-4BD8-A320-C5BA776B1B38} = {A57EA417-FDF9-4BD4-82D5-2866EA93A040}
		{F70BFA05-A0FD-4553-8031-E782E482654E} = {2806768F-E744-4BD8-A320-C5BA776B1B38}
		{2482CF53-E9DE-4E15-9CB6-C5BD10DEC124} = {AE90AD22-4F1C-4EA1-BEDE-3B8550439C37}
	EndGlobalSection
	GlobalSection(ExtensibilityGlobals) = postSolution
		SolutionGuid = {67D0F7FF-9E3E-4888-99FB-BEC2481353FE}
	EndGlobalSection
EndGlobal
